
Microsoft Visual Studio Solution File, Format Version 12.00
# Visual Studio Version 16
VisualStudioVersion = 16.0.29806.167
MinimumVisualStudioVersion = 10.0.40219.1
Project("{2150E333-8FDC-42A3-9474-1A3956D46DE8}") = "04ENDPOINT", "04ENDPOINT", "{CC04E339-D1BF-4EF4-8AD7-79C41A137704}"
EndProject
Project("{9A19103F-16F7-4668-BE54-9A1E7A4F7556}") = "PHONEBOOK.ENDPOINT.MVC", "PHONEBOOK.ENDPOINT.MVC\PHONEBOOK.ENDPOINT.MVC.csproj", "{23CCB4A8-BD1A-4104-A72D-47A5355C8D27}"
EndProject
Project("{2150E333-8FDC-42A3-9474-1A3956D46DE8}") = "01DOMIN", "01DOMIN", "{0C440B1F-3964-48EA-B2B1-C6C970BA7E6C}"
EndProject
Project("{2150E333-8FDC-42A3-9474-1A3956D46DE8}") = "02SERVICES", "02SERVICES", "{E5159E46-A67B-47F5-B190-4E8AB444BF8F}"
EndProject
Project("{2150E333-8FDC-42A3-9474-1A3956D46DE8}") = "03INFRASTRUCTURE", "03INFRASTRUCTURE", "{00BA461D-FCB3-40BD-9B74-615FEFE8E438}"
EndProject
Project("{FAE04EC0-301F-11D3-BF4B-00C04F79EFBC}") = "PHONEBOOK.DOMIN.CORE", "PHONEBOOK.DOMIN.CORE\PHONEBOOK.DOMIN.CORE.csproj", "{6836496A-2362-4D07-AE70-FB77C81102D8}"
EndProject
Project("{FAE04EC0-301F-11D3-BF4B-00C04F79EFBC}") = "PHONEBOOK.DOMAIN.CONTRACT", "PHONEBOOK.DOMAIN.CONTRACT\PHONEBOOK.DOMAIN.CONTRACT.csproj", "{4DA8C310-2A00-413F-B8DA-4781A1A34545}"
EndProject
Project("{FAE04EC0-301F-11D3-BF4B-00C04F79EFBC}") = "PHONEBOOK.INFRASTRUCTURE.DAL", "PHONEBOOK.INFRASTRUCTURE.DAL\PHONEBOOK.INFRASTRUCTURE.DAL.csproj", "{603CE461-6979-4734-830F-17F70F2171AC}"
EndProject
Project("{FAE04EC0-301F-11D3-BF4B-00C04F79EFBC}") = "PHONEBOOK.SERVICES.APPLOCATIONSERVICES", "PHONEBOOK.SERVICES.APPLOCATIONSERVICES\PHONEBOOK.SERVICES.APPLOCATIONSERVICES.csproj", "{D51C2900-DD9F-4842-A16F-8B9604CE30D9}"
EndProject
Global
	GlobalSection(SolutionConfigurationPlatforms) = preSolution
		Debug|Any CPU = Debug|Any CPU
		Release|Any CPU = Release|Any CPU
	EndGlobalSection
	GlobalSection(ProjectConfigurationPlatforms) = postSolution
		{23CCB4A8-BD1A-4104-A72D-47A5355C8D27}.Debug|Any CPU.ActiveCfg = Debug|Any CPU
		{23CCB4A8-BD1A-4104-A72D-47A5355C8D27}.Debug|Any CPU.Build.0 = Debug|Any CPU
		{23CCB4A8-BD1A-4104-A72D-47A5355C8D27}.Release|Any CPU.ActiveCfg = Release|Any CPU
		{23CCB4A8-BD1A-4104-A72D-47A5355C8D27}.Release|Any CPU.Build.0 = Release|Any CPU
		{6836496A-2362-4D07-AE70-FB77C81102D8}.Debug|Any CPU.ActiveCfg = Debug|Any CPU
		{6836496A-2362-4D07-AE70-FB77C81102D8}.Debug|Any CPU.Build.0 = Debug|Any CPU
		{6836496A-2362-4D07-AE70-FB77C81102D8}.Release|Any CPU.ActiveCfg = Release|Any CPU
		{6836496A-2362-4D07-AE70-FB77C81102D8}.Release|Any CPU.Build.0 = Release|Any CPU
		{4DA8C310-2A00-413F-B8DA-4781A1A34545}.Debug|Any CPU.ActiveCfg = Debug|Any CPU
		{4DA8C310-2A00-413F-B8DA-4781A1A34545}.Debug|Any CPU.Build.0 = Debug|Any CPU
		{4DA8C310-2A00-413F-B8DA-4781A1A34545}.Release|Any CPU.ActiveCfg = Release|Any CPU
		{4DA8C310-2A00-413F-B8DA-4781A1A34545}.Release|Any CPU.Build.0 = Release|Any CPU
		{603CE461-6979-4734-830F-17F70F2171AC}.Debug|Any CPU.ActiveCfg = Debug|Any CPU
		{603CE461-6979-4734-830F-17F70F2171AC}.Debug|Any CPU.Build.0 = Debug|Any CPU
		{603CE461-6979-4734-830F-17F70F2171AC}.Release|Any CPU.ActiveCfg = Release|Any CPU
		{603CE461-6979-4734-830F-17F70F2171AC}.Release|Any CPU.Build.0 = Release|Any CPU
		{D51C2900-DD9F-4842-A16F-8B9604CE30D9}.Debug|Any CPU.ActiveCfg = Debug|Any CPU
		{D51C2900-DD9F-4842-A16F-8B9604CE30D9}.Debug|Any CPU.Build.0 = Debug|Any CPU
		{D51C2900-DD9F-4842-A16F-8B9604CE30D9}.Release|Any CPU.ActiveCfg = Release|Any CPU
		{D51C2900-DD9F-4842-A16F-8B9604CE30D9}.Release|Any CPU.Build.0 = Release|Any CPU
	EndGlobalSection
	GlobalSection(SolutionProperties) = preSolution
		HideSolutionNode = FALSE
	EndGlobalSection
	GlobalSection(NestedProjects) = preSolution
		{23CCB4A8-BD1A-4104-A72D-47A5355C8D27} = {CC04E339-D1BF-4EF4-8AD7-79C41A137704}
		{6836496A-2362-4D07-AE70-FB77C81102D8} = {0C440B1F-3964-48EA-B2B1-C6C970BA7E6C}
		{4DA8C310-2A00-413F-B8DA-4781A1A34545} = {0C440B1F-3964-48EA-B2B1-C6C970BA7E6C}
		{603CE461-6979-4734-830F-17F70F2171AC} = {00BA461D-FCB3-40BD-9B74-615FEFE8E438}
		{D51C2900-DD9F-4842-A16F-8B9604CE30D9} = {E5159E46-A67B-47F5-B190-4E8AB444BF8F}
	EndGlobalSection
	GlobalSection(ExtensibilityGlobals) = postSolution
		SolutionGuid = {DE1CBC8E-DC85-4E09-BBCC-BD3831F02D10}
	EndGlobalSection
EndGlobal
